<?xml version="1.0" encoding="utf-8"?>
<Project ToolsVersion="4.0" xmlns="http://schemas.microsoft.com/developer/msbuild/2003">
  <ItemGroup>
    <Filter Include="Source Files">
      <UniqueIdentifier>{4FC737F1-C7A5-4376-A066-2A32D752A2FF}</UniqueIdentifier>
      <Extensions>cpp;c;cc;cxx;def;odl;idl;hpj;bat;asm;asmx</Extensions>
    </Filter>
    <Filter Include="Header Files">
      <UniqueIdentifier>{93995380-89BD-4b04-88EB-625FBE52EBFB}</UniqueIdentifier>
      <Extensions>h;hpp;hxx;hm;inl;inc;xsd</Extensions>
    </Filter>
    <Filter Include="Win32Res">
      <UniqueIdentifier>{67DA6AB6-F800-4c08-8B7A-83BB121AAD01}</UniqueIdentifier>
      <Extensions>rc;ico;cur;bmp;dlg;rc2;rct;bin;rgs;gif;jpg;jpeg;jpe;resx;tiff;tif;png;wav</Extensions>
    </Filter>
    <Filter Include="Source Files\Shaders">
      <UniqueIdentifier>{a6875405-65e1-4596-b51d-8e68477b6977}</UniqueIdentifier>
    </Filter>
  </ItemGroup>
  <ItemGroup>
    <ClCompile Include="NewTrainingFramework.cpp">
      <Filter>Source Files</Filter>
    </ClCompile>
    <ClCompile Include="stdafx.cpp">
      <Filter>Source Files</Filter>
    </ClCompile>
    <ClCompile Include="Camera.cpp">
      <Filter>Source Files</Filter>
    </ClCompile>
    <ClCompile Include="ResourceManager.cpp">
      <Filter>Source Files</Filter>
    </ClCompile>
    <ClCompile Include="SceneManager.cpp">
      <Filter>Source Files</Filter>
    </ClCompile>
    <ClCompile Include="SceneObject.cpp">
      <Filter>Source Files</Filter>
    </ClCompile>
    <ClCompile Include="Model.cpp">
      <Filter>Source Files</Filter>
    </ClCompile>
    <ClCompile Include="Texture.cpp">
      <Filter>Source Files</Filter>
    </ClCompile>
    <ClCompile Include="Shader.cpp">
      <Filter>Source Files</Filter>
    </ClCompile>
    <ClCompile Include="Sound.cpp">
      <Filter>Source Files</Filter>
    </ClCompile>
    <ClCompile Include="Framebuffer.cpp">
      <Filter>Source Files</Filter>
    </ClCompile>
  </ItemGroup>
  <ItemGroup>
    <ClInclude Include="Globals.h">
      <Filter>Header Files</Filter>
    </ClInclude>
    <ClInclude Include="stdafx.h">
      <Filter>Header Files</Filter>
    </ClInclude>
    <ClInclude Include="targetver.h">
      <Filter>Header Files</Filter>
    </ClInclude>
    <ClInclude Include="Vertex.h">
      <Filter>Header Files</Filter>
    </ClInclude>
    <ClInclude Include="Camera.h">
      <Filter>Header Files</Filter>
    </ClInclude>
    <ClInclude Include="ResourceManager.h">
      <Filter>Header Files</Filter>
    </ClInclude>
    <ClInclude Include="SceneManager.h">
      <Filter>Header Files</Filter>
    </ClInclude>
    <ClInclude Include="SceneObject.h">
      <Filter>Header Files</Filter>
    </ClInclude>
    <ClInclude Include="Model.h">
      <Filter>Header Files</Filter>
    </ClInclude>
    <ClInclude Include="Texture.h">
      <Filter>Header Files</Filter>
    </ClInclude>
    <ClInclude Include="Shader.h">
      <Filter>Header Files</Filter>
    </ClInclude>
    <ClInclude Include="Sound.h">
      <Filter>Header Files</Filter>
    </ClInclude>
    <ClInclude Include="Framebuffer.h">
      <Filter>Header Files</Filter>
    </ClInclude>
  </ItemGroup>
  <ItemGroup>
    <None Include="..\..\Readme.doc" />
    <None Include="Resources\Shaders\debugShader.frag">
      <Filter>Source Files\Shaders</Filter>
    </None>
    <None Include="Resources\Shaders\debugShader.vert">
      <Filter>Source Files\Shaders</Filter>
    </None>
    <None Include="Resources\Shaders\fireShader.frag">
      <Filter>Source Files\Shaders</Filter>
    </None>
    <None Include="Resources\Shaders\fireShader.vert">
      <Filter>Source Files\Shaders</Filter>
    </None>
    <None Include="Resources\Shaders\modelShader.frag">
      <Filter>Source Files\Shaders</Filter>
    </None>
    <None Include="Resources\Shaders\modelShader.vert">
      <Filter>Source Files\Shaders</Filter>
    </None>
    <None Include="Resources\Shaders\reflectableModelShader.frag">
      <Filter>Source Files\Shaders</Filter>
    </None>
    <None Include="Resources\Shaders\reflectableModelShader.vert">
      <Filter>Source Files\Shaders</Filter>
    </None>
    <None Include="Resources\Shaders\skyBoxShader.frag">
      <Filter>Source Files\Shaders</Filter>
    </None>
    <None Include="Resources\Shaders\skyBoxShader.vert">
      <Filter>Source Files\Shaders</Filter>
    </None>
    <None Include="Resources\Shaders\terrainShader.frag">
      <Filter>Source Files\Shaders</Filter>
    </None>
    <None Include="Resources\Shaders\terrainShader.vert">
      <Filter>Source Files\Shaders</Filter>
    </None>
    <None Include="Resources\Shaders\filterShader.vert">
      <Filter>Source Files\Shaders</Filter>
    </None>
    <None Include="Resources\Shaders\blurShader.frag">
      <Filter>Source Files\Shaders</Filter>
    </None>
    <None Include="Resources\Shaders\grayscaleShader.frag">
      <Filter>Source Files\Shaders</Filter>
    </None>
    <None Include="Resources\Shaders\bloomShader.frag">
      <Filter>Source Files\Shaders</Filter>
    </None>
    <None Include="Resources\Shaders\depthShader.frag">
      <Filter>Source Files\Shaders</Filter>
    </None>
    <None Include="Resources\Shaders\simpleTextureShader.frag">
      <Filter>Source Files\Shaders</Filter>
    </None>
    <None Include="Resources\Shaders\lightDepthShader.frag">
      <Filter>Source Files\Shaders</Filter>
    </None>
    <None Include="Resources\Shaders\lightDepthShader.vert">
      <Filter>Source Files\Shaders</Filter>
    </None>
  </ItemGroup>
</Project>